
Microsoft Visual Studio Solution File, Format Version 12.00
# Visual Studio Version 16
VisualStudioVersion = 16.0.31624.102
MinimumVisualStudioVersion = 10.0.40219.1
Project("{FAE04EC0-301F-11D3-BF4B-00C04F79EFBC}") = "OOP2 PROJECT 2.0", "OOP2 PROJECT 2.0.csproj", "{4A201214-930D-4E38-8372-787543270C47}"
EndProject
Global
	GlobalSection(SolutionConfigurationPlatforms) = preSolution
		Debug|Any CPU = Debug|Any CPU
		Release|Any CPU = Release|Any CPU
	EndGlobalSection
	GlobalSection(ProjectConfigurationPlatforms) = postSolution
		{4A201214-930D-4E38-8372-787543270C47}.Debug|Any CPU.ActiveCfg = Debug|Any CPU
		{4A201214-930D-4E38-8372-787543270C47}.Debug|Any CPU.Build.0 = Debug|Any CPU
		{4A201214-930D-4E38-8372-787543270C47}.Release|Any CPU.ActiveCfg = Release|Any CPU
		{4A201214-930D-4E38-8372-787543270C47}.Release|Any CPU.Build.0 = Release|Any CPU
	EndGlobalSection
	GlobalSection(SolutionProperties) = preSolution
		HideSolutionNode = FALSE
	EndGlobalSection
	GlobalSection(ExtensibilityGlobals) = postSolution
		SolutionGuid = {A5F71AB2-8658-4597-9350-D53EA6237F91}
	EndGlobalSection
EndGlobal
